
Microsoft Visual Studio Solution File, Format Version 12.00
# Visual Studio Version 17
VisualStudioVersion = 17.3.32901.215
MinimumVisualStudioVersion = 10.0.40219.1
Project("{FAE04EC0-301F-11D3-BF4B-00C04F79EFBC}") = "FossTok", "FossTok\FossTok.csproj", "{622CD2DC-CB22-45EC-9580-AD8484F40820}"
EndProject
Global
	GlobalSection(SolutionConfigurationPlatforms) = preSolution
		Debug|Any CPU = Debug|Any CPU
		Release|Any CPU = Release|Any CPU
	EndGlobalSection
	GlobalSection(ProjectConfigurationPlatforms) = postSolution
		{622CD2DC-CB22-45EC-9580-AD8484F40820}.Debug|Any CPU.ActiveCfg = Debug|Any CPU
		{622CD2DC-CB22-45EC-9580-AD8484F40820}.Debug|Any CPU.Build.0 = Debug|Any CPU
		{622CD2DC-CB22-45EC-9580-AD8484F40820}.Debug|Any CPU.Deploy.0 = Debug|Any CPU
		{622CD2DC-CB22-45EC-9580-AD8484F40820}.Release|Any CPU.ActiveCfg = Release|Any CPU
		{622CD2DC-CB22-45EC-9580-AD8484F40820}.Release|Any CPU.Build.0 = Release|Any CPU
		{622CD2DC-CB22-45EC-9580-AD8484F40820}.Release|Any CPU.Deploy.0 = Release|Any CPU
	EndGlobalSection
	GlobalSection(SolutionProperties) = preSolution
		HideSolutionNode = FALSE
	EndGlobalSection
	GlobalSection(ExtensibilityGlobals) = postSolution
		SolutionGuid = {661DEB18-0BE4-4529-893A-F770CC34F785}
	EndGlobalSection
EndGlobal
